// !$*UTF8*$!
{
	archiveVersion = 1;
	classes = {
	};
	objectVersion = 56;
	objects = {

/* Begin PBXBuildFile section */
		A14940972D4AB97400A4B757 /* NetworkConstants.swift in Sources */ = {isa = PBXBuildFile; fileRef = A14940962D4AB97400A4B757 /* NetworkConstants.swift */; };
		A14940992D4ABB0300A4B757 /* NetworkCaller.swift in Sources */ = {isa = PBXBuildFile; fileRef = A14940982D4ABB0200A4B757 /* NetworkCaller.swift */; };
		A149409B2D4ABB2300A4B757 /* UserListModel.swift in Sources */ = {isa = PBXBuildFile; fileRef = A149409A2D4ABB2300A4B757 /* UserListModel.swift */; };
		A149409D2D4ABC8B00A4B757 /* UserListViewModel.swift in Sources */ = {isa = PBXBuildFile; fileRef = A149409C2D4ABC8B00A4B757 /* UserListViewModel.swift */; };
		A149409F2D4AC01700A4B757 /* UserListBuilder.swift in Sources */ = {isa = PBXBuildFile; fileRef = A149409E2D4AC01700A4B757 /* UserListBuilder.swift */; };
		A14940A32D4AC55D00A4B757 /* UserListTableViewCell.swift in Sources */ = {isa = PBXBuildFile; fileRef = A14940A22D4AC55D00A4B757 /* UserListTableViewCell.swift */; };
		A14940A52D4ACA7C00A4B757 /* UserListDetailVC.swift in Sources */ = {isa = PBXBuildFile; fileRef = A14940A42D4ACA7C00A4B757 /* UserListDetailVC.swift */; };
		A14940A82D4ACC8700A4B757 /* UserListDetailViewModel.swift in Sources */ = {isa = PBXBuildFile; fileRef = A14940A72D4ACC8700A4B757 /* UserListDetailViewModel.swift */; };
		A14940AA2D4ACC9700A4B757 /* UserListDetailBuilder.swift in Sources */ = {isa = PBXBuildFile; fileRef = A14940A92D4ACC9700A4B757 /* UserListDetailBuilder.swift */; };
		A1CEA7D62D4AAD1400A76CC9 /* AppDelegate.swift in Sources */ = {isa = PBXBuildFile; fileRef = A1CEA7D52D4AAD1400A76CC9 /* AppDelegate.swift */; };
		A1CEA7DA2D4AAD1400A76CC9 /* UserListVC.swift in Sources */ = {isa = PBXBuildFile; fileRef = A1CEA7D92D4AAD1400A76CC9 /* UserListVC.swift */; };
		A1CEA7DF2D4AAD1700A76CC9 /* Assets.xcassets in Resources */ = {isa = PBXBuildFile; fileRef = A1CEA7DE2D4AAD1700A76CC9 /* Assets.xcassets */; };
		A1CEA7E22D4AAD1700A76CC9 /* Base in Resources */ = {isa = PBXBuildFile; fileRef = A1CEA7E12D4AAD1700A76CC9 /* Base */; };
		A1CEA80E2D4AB0D300A76CC9 /* SnapKit in Frameworks */ = {isa = PBXBuildFile; productRef = A1CEA80D2D4AB0D300A76CC9 /* SnapKit */; };
		A1CEA8112D4AB3E800A76CC9 /* Font.swift in Sources */ = {isa = PBXBuildFile; fileRef = A1CEA8102D4AB3E800A76CC9 /* Font.swift */; };
		A1CEA8142D4AB45400A76CC9 /* Montserrat-Regular.ttf in Resources */ = {isa = PBXBuildFile; fileRef = A1CEA8122D4AB45300A76CC9 /* Montserrat-Regular.ttf */; };
		A1CEA8152D4AB45400A76CC9 /* Montserrat-Bold.ttf in Resources */ = {isa = PBXBuildFile; fileRef = A1CEA8132D4AB45400A76CC9 /* Montserrat-Bold.ttf */; };
		A1CEA8172D4AB46500A76CC9 /* Montserrat-Medium.ttf in Resources */ = {isa = PBXBuildFile; fileRef = A1CEA8162D4AB46500A76CC9 /* Montserrat-Medium.ttf */; };
		A1CEA8192D4AB47000A76CC9 /* Montserrat-SemiBold.ttf in Resources */ = {isa = PBXBuildFile; fileRef = A1CEA8182D4AB47000A76CC9 /* Montserrat-SemiBold.ttf */; };
/* End PBXBuildFile section */

/* Begin PBXContainerItemProxy section */
		A1CEA7E92D4AAD1800A76CC9 /* PBXContainerItemProxy */ = {
			isa = PBXContainerItemProxy;
			containerPortal = A1CEA7CA2D4AAD1400A76CC9 /* Project object */;
			proxyType = 1;
			remoteGlobalIDString = A1CEA7D12D4AAD1400A76CC9;
			remoteInfo = SevenAppsCaseChallenge;
		};
		A1CEA7F32D4AAD1800A76CC9 /* PBXContainerItemProxy */ = {
			isa = PBXContainerItemProxy;
			containerPortal = A1CEA7CA2D4AAD1400A76CC9 /* Project object */;
			proxyType = 1;
			remoteGlobalIDString = A1CEA7D12D4AAD1400A76CC9;
			remoteInfo = SevenAppsCaseChallenge;
		};
/* End PBXContainerItemProxy section */

/* Begin PBXFileReference section */
		A14940962D4AB97400A4B757 /* NetworkConstants.swift */ = {isa = PBXFileReference; lastKnownFileType = sourcecode.swift; path = NetworkConstants.swift; sourceTree = "<group>"; };
		A14940982D4ABB0200A4B757 /* NetworkCaller.swift */ = {isa = PBXFileReference; lastKnownFileType = sourcecode.swift; path = NetworkCaller.swift; sourceTree = "<group>"; };
		A149409A2D4ABB2300A4B757 /* UserListModel.swift */ = {isa = PBXFileReference; lastKnownFileType = sourcecode.swift; path = UserListModel.swift; sourceTree = "<group>"; };
		A149409C2D4ABC8B00A4B757 /* UserListViewModel.swift */ = {isa = PBXFileReference; lastKnownFileType = sourcecode.swift; path = UserListViewModel.swift; sourceTree = "<group>"; };
		A149409E2D4AC01700A4B757 /* UserListBuilder.swift */ = {isa = PBXFileReference; lastKnownFileType = sourcecode.swift; path = UserListBuilder.swift; sourceTree = "<group>"; };
		A14940A22D4AC55D00A4B757 /* UserListTableViewCell.swift */ = {isa = PBXFileReference; lastKnownFileType = sourcecode.swift; path = UserListTableViewCell.swift; sourceTree = "<group>"; };
		A14940A42D4ACA7C00A4B757 /* UserListDetailVC.swift */ = {isa = PBXFileReference; lastKnownFileType = sourcecode.swift; path = UserListDetailVC.swift; sourceTree = "<group>"; };
		A14940A72D4ACC8700A4B757 /* UserListDetailViewModel.swift */ = {isa = PBXFileReference; lastKnownFileType = sourcecode.swift; path = UserListDetailViewModel.swift; sourceTree = "<group>"; };
		A14940A92D4ACC9700A4B757 /* UserListDetailBuilder.swift */ = {isa = PBXFileReference; lastKnownFileType = sourcecode.swift; path = UserListDetailBuilder.swift; sourceTree = "<group>"; };
		A1CEA7D22D4AAD1400A76CC9 /* SevenAppsCaseChallenge.app */ = {isa = PBXFileReference; explicitFileType = wrapper.application; includeInIndex = 0; path = SevenAppsCaseChallenge.app; sourceTree = BUILT_PRODUCTS_DIR; };
		A1CEA7D52D4AAD1400A76CC9 /* AppDelegate.swift */ = {isa = PBXFileReference; lastKnownFileType = sourcecode.swift; path = AppDelegate.swift; sourceTree = "<group>"; };
		A1CEA7D92D4AAD1400A76CC9 /* UserListVC.swift */ = {isa = PBXFileReference; lastKnownFileType = sourcecode.swift; path = UserListVC.swift; sourceTree = "<group>"; };
		A1CEA7DE2D4AAD1700A76CC9 /* Assets.xcassets */ = {isa = PBXFileReference; lastKnownFileType = folder.assetcatalog; path = Assets.xcassets; sourceTree = "<group>"; };
		A1CEA7E12D4AAD1700A76CC9 /* Base */ = {isa = PBXFileReference; lastKnownFileType = file.storyboard; name = Base; path = Base.lproj/LaunchScreen.storyboard; sourceTree = "<group>"; };
		A1CEA7E32D4AAD1700A76CC9 /* Info.plist */ = {isa = PBXFileReference; lastKnownFileType = text.plist.xml; path = Info.plist; sourceTree = "<group>"; };
		A1CEA7E82D4AAD1800A76CC9 /* SevenAppsCaseChallengeTests.xctest */ = {isa = PBXFileReference; explicitFileType = wrapper.cfbundle; includeInIndex = 0; path = SevenAppsCaseChallengeTests.xctest; sourceTree = BUILT_PRODUCTS_DIR; };
		A1CEA7F22D4AAD1800A76CC9 /* SevenAppsCaseChallengeUITests.xctest */ = {isa = PBXFileReference; explicitFileType = wrapper.cfbundle; includeInIndex = 0; path = SevenAppsCaseChallengeUITests.xctest; sourceTree = BUILT_PRODUCTS_DIR; };
		A1CEA8102D4AB3E800A76CC9 /* Font.swift */ = {isa = PBXFileReference; lastKnownFileType = sourcecode.swift; path = Font.swift; sourceTree = "<group>"; };
		A1CEA8122D4AB45300A76CC9 /* Montserrat-Regular.ttf */ = {isa = PBXFileReference; lastKnownFileType = file; path = "Montserrat-Regular.ttf"; sourceTree = "<group>"; };
		A1CEA8132D4AB45400A76CC9 /* Montserrat-Bold.ttf */ = {isa = PBXFileReference; lastKnownFileType = file; path = "Montserrat-Bold.ttf"; sourceTree = "<group>"; };
		A1CEA8162D4AB46500A76CC9 /* Montserrat-Medium.ttf */ = {isa = PBXFileReference; lastKnownFileType = file; path = "Montserrat-Medium.ttf"; sourceTree = "<group>"; };
		A1CEA8182D4AB47000A76CC9 /* Montserrat-SemiBold.ttf */ = {isa = PBXFileReference; lastKnownFileType = file; path = "Montserrat-SemiBold.ttf"; sourceTree = "<group>"; };
/* End PBXFileReference section */

/* Begin PBXFrameworksBuildPhase section */
		A1CEA7CF2D4AAD1400A76CC9 /* Frameworks */ = {
			isa = PBXFrameworksBuildPhase;
			buildActionMask = 2147483647;
			files = (
				A1CEA80E2D4AB0D300A76CC9 /* SnapKit in Frameworks */,
			);
			runOnlyForDeploymentPostprocessing = 0;
		};
		A1CEA7E52D4AAD1800A76CC9 /* Frameworks */ = {
			isa = PBXFrameworksBuildPhase;
			buildActionMask = 2147483647;
			files = (
			);
			runOnlyForDeploymentPostprocessing = 0;
		};
		A1CEA7EF2D4AAD1800A76CC9 /* Frameworks */ = {
			isa = PBXFrameworksBuildPhase;
			buildActionMask = 2147483647;
			files = (
			);
			runOnlyForDeploymentPostprocessing = 0;
		};
/* End PBXFrameworksBuildPhase section */

/* Begin PBXGroup section */
		A14940A02D4AC53000A4B757 /* UserList */ = {
			isa = PBXGroup;
			children = (
				A1CEA7D92D4AAD1400A76CC9 /* UserListVC.swift */,
				A149409E2D4AC01700A4B757 /* UserListBuilder.swift */,
				A149409C2D4ABC8B00A4B757 /* UserListViewModel.swift */,
				A14940A12D4AC53D00A4B757 /* Cell */,
			);
			path = UserList;
			sourceTree = "<group>";
		};
		A14940A12D4AC53D00A4B757 /* Cell */ = {
			isa = PBXGroup;
			children = (
				A14940A22D4AC55D00A4B757 /* UserListTableViewCell.swift */,
			);
			path = Cell;
			sourceTree = "<group>";
		};
		A14940A62D4ACA8000A4B757 /* UserListDetail */ = {
			isa = PBXGroup;
			children = (
				A14940A42D4ACA7C00A4B757 /* UserListDetailVC.swift */,
				A14940A72D4ACC8700A4B757 /* UserListDetailViewModel.swift */,
				A14940A92D4ACC9700A4B757 /* UserListDetailBuilder.swift */,
			);
			path = UserListDetail;
			sourceTree = "<group>";
		};
		A1CEA7C92D4AAD1400A76CC9 = {
			isa = PBXGroup;
			children = (
				A1CEA7D42D4AAD1400A76CC9 /* SevenAppsCaseChallenge */,
				A1CEA7D32D4AAD1400A76CC9 /* Products */,
			);
			sourceTree = "<group>";
		};
		A1CEA7D32D4AAD1400A76CC9 /* Products */ = {
			isa = PBXGroup;
			children = (
				A1CEA7D22D4AAD1400A76CC9 /* SevenAppsCaseChallenge.app */,
				A1CEA7E82D4AAD1800A76CC9 /* SevenAppsCaseChallengeTests.xctest */,
				A1CEA7F22D4AAD1800A76CC9 /* SevenAppsCaseChallengeUITests.xctest */,
			);
			name = Products;
			sourceTree = "<group>";
		};
		A1CEA7D42D4AAD1400A76CC9 /* SevenAppsCaseChallenge */ = {
			isa = PBXGroup;
			children = (
				A1CEA80B2D4AAEA500A76CC9 /* Manager */,
				A1CEA8052D4AAE7200A76CC9 /* Screen */,
				A1CEA80A2D4AAEA100A76CC9 /* Model */,
				A1CEA8092D4AAE9300A76CC9 /* Support */,
				A1CEA8082D4AAE8900A76CC9 /* Utilities */,
				A1CEA8072D4AAE8000A76CC9 /* Extension */,
				A1CEA8062D4AAE7800A76CC9 /* Network */,
			);
			path = SevenAppsCaseChallenge;
			sourceTree = "<group>";
		};
		A1CEA8052D4AAE7200A76CC9 /* Screen */ = {
			isa = PBXGroup;
			children = (
				A14940A62D4ACA8000A4B757 /* UserListDetail */,
				A14940A02D4AC53000A4B757 /* UserList */,
			);
			path = Screen;
			sourceTree = "<group>";
		};
		A1CEA8062D4AAE7800A76CC9 /* Network */ = {
			isa = PBXGroup;
			children = (
				A14940962D4AB97400A4B757 /* NetworkConstants.swift */,
				A14940982D4ABB0200A4B757 /* NetworkCaller.swift */,
			);
			path = Network;
			sourceTree = "<group>";
		};
		A1CEA8072D4AAE8000A76CC9 /* Extension */ = {
			isa = PBXGroup;
			children = (
			);
			path = Extension;
			sourceTree = "<group>";
		};
		A1CEA8082D4AAE8900A76CC9 /* Utilities */ = {
			isa = PBXGroup;
			children = (
				A1CEA80F2D4AB3D800A76CC9 /* Font */,
			);
			path = Utilities;
			sourceTree = "<group>";
		};
		A1CEA8092D4AAE9300A76CC9 /* Support */ = {
			isa = PBXGroup;
			children = (
				A1CEA7D52D4AAD1400A76CC9 /* AppDelegate.swift */,
				A1CEA7DE2D4AAD1700A76CC9 /* Assets.xcassets */,
				A1CEA7E02D4AAD1700A76CC9 /* LaunchScreen.storyboard */,
				A1CEA7E32D4AAD1700A76CC9 /* Info.plist */,
			);
			path = Support;
			sourceTree = "<group>";
		};
		A1CEA80A2D4AAEA100A76CC9 /* Model */ = {
			isa = PBXGroup;
			children = (
				A149409A2D4ABB2300A4B757 /* UserListModel.swift */,
			);
			path = Model;
			sourceTree = "<group>";
		};
		A1CEA80B2D4AAEA500A76CC9 /* Manager */ = {
			isa = PBXGroup;
			children = (
			);
			path = Manager;
			sourceTree = "<group>";
		};
		A1CEA80F2D4AB3D800A76CC9 /* Font */ = {
			isa = PBXGroup;
			children = (
				A1CEA8132D4AB45400A76CC9 /* Montserrat-Bold.ttf */,
				A1CEA8162D4AB46500A76CC9 /* Montserrat-Medium.ttf */,
				A1CEA8182D4AB47000A76CC9 /* Montserrat-SemiBold.ttf */,
				A1CEA8122D4AB45300A76CC9 /* Montserrat-Regular.ttf */,
				A1CEA8102D4AB3E800A76CC9 /* Font.swift */,
			);
			path = Font;
			sourceTree = "<group>";
		};
/* End PBXGroup section */

/* Begin PBXNativeTarget section */
		A1CEA7D12D4AAD1400A76CC9 /* SevenAppsCaseChallenge */ = {
			isa = PBXNativeTarget;
			buildConfigurationList = A1CEA7FC2D4AAD1800A76CC9 /* Build configuration list for PBXNativeTarget "SevenAppsCaseChallenge" */;
			buildPhases = (
				A1CEA7CE2D4AAD1400A76CC9 /* Sources */,
				A1CEA7CF2D4AAD1400A76CC9 /* Frameworks */,
				A1CEA7D02D4AAD1400A76CC9 /* Resources */,
			);
			buildRules = (
			);
			dependencies = (
			);
			name = SevenAppsCaseChallenge;
			packageProductDependencies = (
				A1CEA80D2D4AB0D300A76CC9 /* SnapKit */,
			);
			productName = SevenAppsCaseChallenge;
			productReference = A1CEA7D22D4AAD1400A76CC9 /* SevenAppsCaseChallenge.app */;
			productType = "com.apple.product-type.application";
		};
		A1CEA7E72D4AAD1800A76CC9 /* SevenAppsCaseChallengeTests */ = {
			isa = PBXNativeTarget;
			buildConfigurationList = A1CEA7FF2D4AAD1800A76CC9 /* Build configuration list for PBXNativeTarget "SevenAppsCaseChallengeTests" */;
			buildPhases = (
				A1CEA7E42D4AAD1800A76CC9 /* Sources */,
				A1CEA7E52D4AAD1800A76CC9 /* Frameworks */,
				A1CEA7E62D4AAD1800A76CC9 /* Resources */,
			);
			buildRules = (
			);
			dependencies = (
				A1CEA7EA2D4AAD1800A76CC9 /* PBXTargetDependency */,
			);
			name = SevenAppsCaseChallengeTests;
			productName = SevenAppsCaseChallengeTests;
			productReference = A1CEA7E82D4AAD1800A76CC9 /* SevenAppsCaseChallengeTests.xctest */;
			productType = "com.apple.product-type.bundle.unit-test";
		};
		A1CEA7F12D4AAD1800A76CC9 /* SevenAppsCaseChallengeUITests */ = {
			isa = PBXNativeTarget;
			buildConfigurationList = A1CEA8022D4AAD1800A76CC9 /* Build configuration list for PBXNativeTarget "SevenAppsCaseChallengeUITests" */;
			buildPhases = (
				A1CEA7EE2D4AAD1800A76CC9 /* Sources */,
				A1CEA7EF2D4AAD1800A76CC9 /* Frameworks */,
				A1CEA7F02D4AAD1800A76CC9 /* Resources */,
			);
			buildRules = (
			);
			dependencies = (
				A1CEA7F42D4AAD1800A76CC9 /* PBXTargetDependency */,
			);
			name = SevenAppsCaseChallengeUITests;
			productName = SevenAppsCaseChallengeUITests;
			productReference = A1CEA7F22D4AAD1800A76CC9 /* SevenAppsCaseChallengeUITests.xctest */;
			productType = "com.apple.product-type.bundle.ui-testing";
		};
/* End PBXNativeTarget section */

/* Begin PBXProject section */
		A1CEA7CA2D4AAD1400A76CC9 /* Project object */ = {
			isa = PBXProject;
			attributes = {
				BuildIndependentTargetsInParallel = 1;
				LastSwiftUpdateCheck = 1530;
				LastUpgradeCheck = 1530;
				TargetAttributes = {
					A1CEA7D12D4AAD1400A76CC9 = {
						CreatedOnToolsVersion = 15.3;
					};
					A1CEA7E72D4AAD1800A76CC9 = {
						CreatedOnToolsVersion = 15.3;
						TestTargetID = A1CEA7D12D4AAD1400A76CC9;
					};
					A1CEA7F12D4AAD1800A76CC9 = {
						CreatedOnToolsVersion = 15.3;
						TestTargetID = A1CEA7D12D4AAD1400A76CC9;
					};
				};
			};
			buildConfigurationList = A1CEA7CD2D4AAD1400A76CC9 /* Build configuration list for PBXProject "SevenAppsCaseChallenge" */;
			compatibilityVersion = "Xcode 14.0";
			developmentRegion = en;
			hasScannedForEncodings = 0;
			knownRegions = (
				en,
				Base,
			);
			mainGroup = A1CEA7C92D4AAD1400A76CC9;
			packageReferences = (
				A1CEA80C2D4AB0D300A76CC9 /* XCRemoteSwiftPackageReference "SnapKit" */,
			);
			productRefGroup = A1CEA7D32D4AAD1400A76CC9 /* Products */;
			projectDirPath = "";
			projectRoot = "";
			targets = (
				A1CEA7D12D4AAD1400A76CC9 /* SevenAppsCaseChallenge */,
				A1CEA7E72D4AAD1800A76CC9 /* SevenAppsCaseChallengeTests */,
				A1CEA7F12D4AAD1800A76CC9 /* SevenAppsCaseChallengeUITests */,
			);
		};
/* End PBXProject section */

/* Begin PBXResourcesBuildPhase section */
		A1CEA7D02D4AAD1400A76CC9 /* Resources */ = {
			isa = PBXResourcesBuildPhase;
			buildActionMask = 2147483647;
			files = (
				A1CEA8192D4AB47000A76CC9 /* Montserrat-SemiBold.ttf in Resources */,
				A1CEA8152D4AB45400A76CC9 /* Montserrat-Bold.ttf in Resources */,
				A1CEA8172D4AB46500A76CC9 /* Montserrat-Medium.ttf in Resources */,
				A1CEA8142D4AB45400A76CC9 /* Montserrat-Regular.ttf in Resources */,
				A1CEA7DF2D4AAD1700A76CC9 /* Assets.xcassets in Resources */,
				A1CEA7E22D4AAD1700A76CC9 /* Base in Resources */,
			);
			runOnlyForDeploymentPostprocessing = 0;
		};
		A1CEA7E62D4AAD1800A76CC9 /* Resources */ = {
			isa = PBXResourcesBuildPhase;
			buildActionMask = 2147483647;
			files = (
			);
			runOnlyForDeploymentPostprocessing = 0;
		};
		A1CEA7F02D4AAD1800A76CC9 /* Resources */ = {
			isa = PBXResourcesBuildPhase;
			buildActionMask = 2147483647;
			files = (
			);
			runOnlyForDeploymentPostprocessing = 0;
		};
/* End PBXResourcesBuildPhase section */

/* Begin PBXSourcesBuildPhase section */
		A1CEA7CE2D4AAD1400A76CC9 /* Sources */ = {
			isa = PBXSourcesBuildPhase;
			buildActionMask = 2147483647;
			files = (
				A14940A52D4ACA7C00A4B757 /* UserListDetailVC.swift in Sources */,
				A149409B2D4ABB2300A4B757 /* UserListModel.swift in Sources */,
				A14940A32D4AC55D00A4B757 /* UserListTableViewCell.swift in Sources */,
				A14940972D4AB97400A4B757 /* NetworkConstants.swift in Sources */,
				A149409F2D4AC01700A4B757 /* UserListBuilder.swift in Sources */,
				A149409D2D4ABC8B00A4B757 /* UserListViewModel.swift in Sources */,
				A14940A82D4ACC8700A4B757 /* UserListDetailViewModel.swift in Sources */,
				A14940AA2D4ACC9700A4B757 /* UserListDetailBuilder.swift in Sources */,
				A1CEA7DA2D4AAD1400A76CC9 /* UserListVC.swift in Sources */,
				A14940992D4ABB0300A4B757 /* NetworkCaller.swift in Sources */,
				A1CEA7D62D4AAD1400A76CC9 /* AppDelegate.swift in Sources */,
				A1CEA8112D4AB3E800A76CC9 /* Font.swift in Sources */,
			);
			runOnlyForDeploymentPostprocessing = 0;
		};
		A1CEA7E42D4AAD1800A76CC9 /* Sources */ = {
			isa = PBXSourcesBuildPhase;
			buildActionMask = 2147483647;
			files = (
			);
			runOnlyForDeploymentPostprocessing = 0;
		};
		A1CEA7EE2D4AAD1800A76CC9 /* Sources */ = {
			isa = PBXSourcesBuildPhase;
			buildActionMask = 2147483647;
			files = (
			);
			runOnlyForDeploymentPostprocessing = 0;
		};
/* End PBXSourcesBuildPhase section */

/* Begin PBXTargetDependency section */
		A1CEA7EA2D4AAD1800A76CC9 /* PBXTargetDependency */ = {
			isa = PBXTargetDependency;
			target = A1CEA7D12D4AAD1400A76CC9 /* SevenAppsCaseChallenge */;
			targetProxy = A1CEA7E92D4AAD1800A76CC9 /* PBXContainerItemProxy */;
		};
		A1CEA7F42D4AAD1800A76CC9 /* PBXTargetDependency */ = {
			isa = PBXTargetDependency;
			target = A1CEA7D12D4AAD1400A76CC9 /* SevenAppsCaseChallenge */;
			targetProxy = A1CEA7F32D4AAD1800A76CC9 /* PBXContainerItemProxy */;
		};
/* End PBXTargetDependency section */

/* Begin PBXVariantGroup section */
		A1CEA7E02D4AAD1700A76CC9 /* LaunchScreen.storyboard */ = {
			isa = PBXVariantGroup;
			children = (
				A1CEA7E12D4AAD1700A76CC9 /* Base */,
			);
			name = LaunchScreen.storyboard;
			sourceTree = "<group>";
		};
/* End PBXVariantGroup section */

/* Begin XCBuildConfiguration section */
		A1CEA7FA2D4AAD1800A76CC9 /* Debug */ = {
			isa = XCBuildConfiguration;
			buildSettings = {
				ALWAYS_SEARCH_USER_PATHS = NO;
				ASSETCATALOG_COMPILER_GENERATE_SWIFT_ASSET_SYMBOL_EXTENSIONS = YES;
				CLANG_ANALYZER_NONNULL = YES;
				CLANG_ANALYZER_NUMBER_OBJECT_CONVERSION = YES_AGGRESSIVE;
				CLANG_CXX_LANGUAGE_STANDARD = "gnu++20";
				CLANG_ENABLE_MODULES = YES;
				CLANG_ENABLE_OBJC_ARC = YES;
				CLANG_ENABLE_OBJC_WEAK = YES;
				CLANG_WARN_BLOCK_CAPTURE_AUTORELEASING = YES;
				CLANG_WARN_BOOL_CONVERSION = YES;
				CLANG_WARN_COMMA = YES;
				CLANG_WARN_CONSTANT_CONVERSION = YES;
				CLANG_WARN_DEPRECATED_OBJC_IMPLEMENTATIONS = YES;
				CLANG_WARN_DIRECT_OBJC_ISA_USAGE = YES_ERROR;
				CLANG_WARN_DOCUMENTATION_COMMENTS = YES;
				CLANG_WARN_EMPTY_BODY = YES;
				CLANG_WARN_ENUM_CONVERSION = YES;
				CLANG_WARN_INFINITE_RECURSION = YES;
				CLANG_WARN_INT_CONVERSION = YES;
				CLANG_WARN_NON_LITERAL_NULL_CONVERSION = YES;
				CLANG_WARN_OBJC_IMPLICIT_RETAIN_SELF = YES;
				CLANG_WARN_OBJC_LITERAL_CONVERSION = YES;
				CLANG_WARN_OBJC_ROOT_CLASS = YES_ERROR;
				CLANG_WARN_QUOTED_INCLUDE_IN_FRAMEWORK_HEADER = YES;
				CLANG_WARN_RANGE_LOOP_ANALYSIS = YES;
				CLANG_WARN_STRICT_PROTOTYPES = YES;
				CLANG_WARN_SUSPICIOUS_MOVE = YES;
				CLANG_WARN_UNGUARDED_AVAILABILITY = YES_AGGRESSIVE;
				CLANG_WARN_UNREACHABLE_CODE = YES;
				CLANG_WARN__DUPLICATE_METHOD_MATCH = YES;
				COPY_PHASE_STRIP = NO;
				DEBUG_INFORMATION_FORMAT = dwarf;
				ENABLE_STRICT_OBJC_MSGSEND = YES;
				ENABLE_TESTABILITY = YES;
				ENABLE_USER_SCRIPT_SANDBOXING = YES;
				GCC_C_LANGUAGE_STANDARD = gnu17;
				GCC_DYNAMIC_NO_PIC = NO;
				GCC_NO_COMMON_BLOCKS = YES;
				GCC_OPTIMIZATION_LEVEL = 0;
				GCC_PREPROCESSOR_DEFINITIONS = (
					"DEBUG=1",
					"$(inherited)",
				);
				GCC_WARN_64_TO_32_BIT_CONVERSION = YES;
				GCC_WARN_ABOUT_RETURN_TYPE = YES_ERROR;
				GCC_WARN_UNDECLARED_SELECTOR = YES;
				GCC_WARN_UNINITIALIZED_AUTOS = YES_AGGRESSIVE;
				GCC_WARN_UNUSED_FUNCTION = YES;
				GCC_WARN_UNUSED_VARIABLE = YES;
				IPHONEOS_DEPLOYMENT_TARGET = 17.4;
				LOCALIZATION_PREFERS_STRING_CATALOGS = YES;
				MTL_ENABLE_DEBUG_INFO = INCLUDE_SOURCE;
				MTL_FAST_MATH = YES;
				ONLY_ACTIVE_ARCH = YES;
				SDKROOT = iphoneos;
				SWIFT_ACTIVE_COMPILATION_CONDITIONS = "DEBUG $(inherited)";
				SWIFT_OPTIMIZATION_LEVEL = "-Onone";
			};
			name = Debug;
		};
		A1CEA7FB2D4AAD1800A76CC9 /* Release */ = {
			isa = XCBuildConfiguration;
			buildSettings = {
				ALWAYS_SEARCH_USER_PATHS = NO;
				ASSETCATALOG_COMPILER_GENERATE_SWIFT_ASSET_SYMBOL_EXTENSIONS = YES;
				CLANG_ANALYZER_NONNULL = YES;
				CLANG_ANALYZER_NUMBER_OBJECT_CONVERSION = YES_AGGRESSIVE;
				CLANG_CXX_LANGUAGE_STANDARD = "gnu++20";
				CLANG_ENABLE_MODULES = YES;
				CLANG_ENABLE_OBJC_ARC = YES;
				CLANG_ENABLE_OBJC_WEAK = YES;
				CLANG_WARN_BLOCK_CAPTURE_AUTORELEASING = YES;
				CLANG_WARN_BOOL_CONVERSION = YES;
				CLANG_WARN_COMMA = YES;
				CLANG_WARN_CONSTANT_CONVERSION = YES;
				CLANG_WARN_DEPRECATED_OBJC_IMPLEMENTATIONS = YES;
				CLANG_WARN_DIRECT_OBJC_ISA_USAGE = YES_ERROR;
				CLANG_WARN_DOCUMENTATION_COMMENTS = YES;
				CLANG_WARN_EMPTY_BODY = YES;
				CLANG_WARN_ENUM_CONVERSION = YES;
				CLANG_WARN_INFINITE_RECURSION = YES;
				CLANG_WARN_INT_CONVERSION = YES;
				CLANG_WARN_NON_LITERAL_NULL_CONVERSION = YES;
				CLANG_WARN_OBJC_IMPLICIT_RETAIN_SELF = YES;
				CLANG_WARN_OBJC_LITERAL_CONVERSION = YES;
				CLANG_WARN_OBJC_ROOT_CLASS = YES_ERROR;
				CLANG_WARN_QUOTED_INCLUDE_IN_FRAMEWORK_HEADER = YES;
				CLANG_WARN_RANGE_LOOP_ANALYSIS = YES;
				CLANG_WARN_STRICT_PROTOTYPES = YES;
				CLANG_WARN_SUSPICIOUS_MOVE = YES;
				CLANG_WARN_UNGUARDED_AVAILABILITY = YES_AGGRESSIVE;
				CLANG_WARN_UNREACHABLE_CODE = YES;
				CLANG_WARN__DUPLICATE_METHOD_MATCH = YES;
				COPY_PHASE_STRIP = NO;
				DEBUG_INFORMATION_FORMAT = "dwarf-with-dsym";
				ENABLE_NS_ASSERTIONS = NO;
				ENABLE_STRICT_OBJC_MSGSEND = YES;
				ENABLE_USER_SCRIPT_SANDBOXING = YES;
				GCC_C_LANGUAGE_STANDARD = gnu17;
				GCC_NO_COMMON_BLOCKS = YES;
				GCC_WARN_64_TO_32_BIT_CONVERSION = YES;
				GCC_WARN_ABOUT_RETURN_TYPE = YES_ERROR;
				GCC_WARN_UNDECLARED_SELECTOR = YES;
				GCC_WARN_UNINITIALIZED_AUTOS = YES_AGGRESSIVE;
				GCC_WARN_UNUSED_FUNCTION = YES;
				GCC_WARN_UNUSED_VARIABLE = YES;
				IPHONEOS_DEPLOYMENT_TARGET = 17.4;
				LOCALIZATION_PREFERS_STRING_CATALOGS = YES;
				MTL_ENABLE_DEBUG_INFO = NO;
				MTL_FAST_MATH = YES;
				SDKROOT = iphoneos;
				SWIFT_COMPILATION_MODE = wholemodule;
				VALIDATE_PRODUCT = YES;
			};
			name = Release;
		};
		A1CEA7FD2D4AAD1800A76CC9 /* Debug */ = {
			isa = XCBuildConfiguration;
			buildSettings = {
				ASSETCATALOG_COMPILER_APPICON_NAME = AppIcon;
				ASSETCATALOG_COMPILER_GLOBAL_ACCENT_COLOR_NAME = AccentColor;
				CODE_SIGN_STYLE = Automatic;
				CURRENT_PROJECT_VERSION = 1;
				DEVELOPMENT_TEAM = 5PAFK2T2T2;
				GENERATE_INFOPLIST_FILE = YES;
				INFOPLIST_FILE = SevenAppsCaseChallenge/Support/Info.plist;
				INFOPLIST_KEY_UIApplicationSupportsIndirectInputEvents = YES;
				INFOPLIST_KEY_UILaunchStoryboardName = LaunchScreen;
				INFOPLIST_KEY_UISupportedInterfaceOrientations_iPad = "UIInterfaceOrientationPortrait UIInterfaceOrientationPortraitUpsideDown UIInterfaceOrientationLandscapeLeft UIInterfaceOrientationLandscapeRight";
				INFOPLIST_KEY_UISupportedInterfaceOrientations_iPhone = "UIInterfaceOrientationPortrait UIInterfaceOrientationLandscapeLeft UIInterfaceOrientationLandscapeRight";
				LD_RUNPATH_SEARCH_PATHS = (
					"$(inherited)",
					"@executable_path/Frameworks",
				);
				MARKETING_VERSION = 1.0;
				PRODUCT_BUNDLE_IDENTIFIER = fatih.kara.SevenAppsCaseChallenge;
				PRODUCT_NAME = "$(TARGET_NAME)";
				SWIFT_EMIT_LOC_STRINGS = YES;
				SWIFT_VERSION = 5.0;
				TARGETED_DEVICE_FAMILY = "1,2";
			};
			name = Debug;
		};
		A1CEA7FE2D4AAD1800A76CC9 /* Release */ = {
			isa = XCBuildConfiguration;
			buildSettings = {
				ASSETCATALOG_COMPILER_APPICON_NAME = AppIcon;
				ASSETCATALOG_COMPILER_GLOBAL_ACCENT_COLOR_NAME = AccentColor;
				CODE_SIGN_STYLE = Automatic;
				CURRENT_PROJECT_VERSION = 1;
				DEVELOPMENT_TEAM = 5PAFK2T2T2;
				GENERATE_INFOPLIST_FILE = YES;
				INFOPLIST_FILE = SevenAppsCaseChallenge/Support/Info.plist;
				INFOPLIST_KEY_UIApplicationSupportsIndirectInputEvents = YES;
				INFOPLIST_KEY_UILaunchStoryboardName = LaunchScreen;
				INFOPLIST_KEY_UISupportedInterfaceOrientations_iPad = "UIInterfaceOrientationPortrait UIInterfaceOrientationPortraitUpsideDown UIInterfaceOrientationLandscapeLeft UIInterfaceOrientationLandscapeRight";
				INFOPLIST_KEY_UISupportedInterfaceOrientations_iPhone = "UIInterfaceOrientationPortrait UIInterfaceOrientationLandscapeLeft UIInterfaceOrientationLandscapeRight";
				LD_RUNPATH_SEARCH_PATHS = (
					"$(inherited)",
					"@executable_path/Frameworks",
				);
				MARKETING_VERSION = 1.0;
				PRODUCT_BUNDLE_IDENTIFIER = fatih.kara.SevenAppsCaseChallenge;
				PRODUCT_NAME = "$(TARGET_NAME)";
				SWIFT_EMIT_LOC_STRINGS = YES;
				SWIFT_VERSION = 5.0;
				TARGETED_DEVICE_FAMILY = "1,2";
			};
			name = Release;
		};
		A1CEA8002D4AAD1800A76CC9 /* Debug */ = {
			isa = XCBuildConfiguration;
			buildSettings = {
				ALWAYS_EMBED_SWIFT_STANDARD_LIBRARIES = YES;
				BUNDLE_LOADER = "$(TEST_HOST)";
				CODE_SIGN_STYLE = Automatic;
				CURRENT_PROJECT_VERSION = 1;
				DEVELOPMENT_TEAM = 5PAFK2T2T2;
				GENERATE_INFOPLIST_FILE = YES;
				IPHONEOS_DEPLOYMENT_TARGET = 17.4;
				MARKETING_VERSION = 1.0;
				PRODUCT_BUNDLE_IDENTIFIER = fatih.kara.SevenAppsCaseChallengeTests;
				PRODUCT_NAME = "$(TARGET_NAME)";
				SWIFT_EMIT_LOC_STRINGS = NO;
				SWIFT_VERSION = 5.0;
				TARGETED_DEVICE_FAMILY = "1,2";
				TEST_HOST = "$(BUILT_PRODUCTS_DIR)/SevenAppsCaseChallenge.app/$(BUNDLE_EXECUTABLE_FOLDER_PATH)/SevenAppsCaseChallenge";
			};
			name = Debug;
		};
		A1CEA8012D4AAD1800A76CC9 /* Release */ = {
			isa = XCBuildConfiguration;
			buildSettings = {
				ALWAYS_EMBED_SWIFT_STANDARD_LIBRARIES = YES;
				BUNDLE_LOADER = "$(TEST_HOST)";
				CODE_SIGN_STYLE = Automatic;
				CURRENT_PROJECT_VERSION = 1;
				DEVELOPMENT_TEAM = 5PAFK2T2T2;
				GENERATE_INFOPLIST_FILE = YES;
				IPHONEOS_DEPLOYMENT_TARGET = 17.4;
				MARKETING_VERSION = 1.0;
				PRODUCT_BUNDLE_IDENTIFIER = fatih.kara.SevenAppsCaseChallengeTests;
				PRODUCT_NAME = "$(TARGET_NAME)";
				SWIFT_EMIT_LOC_STRINGS = NO;
				SWIFT_VERSION = 5.0;
				TARGETED_DEVICE_FAMILY = "1,2";
				TEST_HOST = "$(BUILT_PRODUCTS_DIR)/SevenAppsCaseChallenge.app/$(BUNDLE_EXECUTABLE_FOLDER_PATH)/SevenAppsCaseChallenge";
			};
			name = Release;
		};
		A1CEA8032D4AAD1800A76CC9 /* Debug */ = {
			isa = XCBuildConfiguration;
			buildSettings = {
				ALWAYS_EMBED_SWIFT_STANDARD_LIBRARIES = YES;
				CODE_SIGN_STYLE = Automatic;
				CURRENT_PROJECT_VERSION = 1;
				DEVELOPMENT_TEAM = 5PAFK2T2T2;
				GENERATE_INFOPLIST_FILE = YES;
				MARKETING_VERSION = 1.0;
				PRODUCT_BUNDLE_IDENTIFIER = fatih.kara.SevenAppsCaseChallengeUITests;
				PRODUCT_NAME = "$(TARGET_NAME)";
				SWIFT_EMIT_LOC_STRINGS = NO;
				SWIFT_VERSION = 5.0;
				TARGETED_DEVICE_FAMILY = "1,2";
				TEST_TARGET_NAME = SevenAppsCaseChallenge;
			};
			name = Debug;
		};
		A1CEA8042D4AAD1800A76CC9 /* Release */ = {
			isa = XCBuildConfiguration;
			buildSettings = {
				ALWAYS_EMBED_SWIFT_STANDARD_LIBRARIES = YES;
				CODE_SIGN_STYLE = Automatic;
				CURRENT_PROJECT_VERSION = 1;
				DEVELOPMENT_TEAM = 5PAFK2T2T2;
				GENERATE_INFOPLIST_FILE = YES;
				MARKETING_VERSION = 1.0;
				PRODUCT_BUNDLE_IDENTIFIER = fatih.kara.SevenAppsCaseChallengeUITests;
				PRODUCT_NAME = "$(TARGET_NAME)";
				SWIFT_EMIT_LOC_STRINGS = NO;
				SWIFT_VERSION = 5.0;
				TARGETED_DEVICE_FAMILY = "1,2";
				TEST_TARGET_NAME = SevenAppsCaseChallenge;
			};
			name = Release;
		};
/* End XCBuildConfiguration section */

/* Begin XCConfigurationList section */
		A1CEA7CD2D4AAD1400A76CC9 /* Build configuration list for PBXProject "SevenAppsCaseChallenge" */ = {
			isa = XCConfigurationList;
			buildConfigurations = (
				A1CEA7FA2D4AAD1800A76CC9 /* Debug */,
				A1CEA7FB2D4AAD1800A76CC9 /* Release */,
			);
			defaultConfigurationIsVisible = 0;
			defaultConfigurationName = Release;
		};
		A1CEA7FC2D4AAD1800A76CC9 /* Build configuration list for PBXNativeTarget "SevenAppsCaseChallenge" */ = {
			isa = XCConfigurationList;
			buildConfigurations = (
				A1CEA7FD2D4AAD1800A76CC9 /* Debug */,
				A1CEA7FE2D4AAD1800A76CC9 /* Release */,
			);
			defaultConfigurationIsVisible = 0;
			defaultConfigurationName = Release;
		};
		A1CEA7FF2D4AAD1800A76CC9 /* Build configuration list for PBXNativeTarget "SevenAppsCaseChallengeTests" */ = {
			isa = XCConfigurationList;
			buildConfigurations = (
				A1CEA8002D4AAD1800A76CC9 /* Debug */,
				A1CEA8012D4AAD1800A76CC9 /* Release */,
			);
			defaultConfigurationIsVisible = 0;
			defaultConfigurationName = Release;
		};
		A1CEA8022D4AAD1800A76CC9 /* Build configuration list for PBXNativeTarget "SevenAppsCaseChallengeUITests" */ = {
			isa = XCConfigurationList;
			buildConfigurations = (
				A1CEA8032D4AAD1800A76CC9 /* Debug */,
				A1CEA8042D4AAD1800A76CC9 /* Release */,
			);
			defaultConfigurationIsVisible = 0;
			defaultConfigurationName = Release;
		};
/* End XCConfigurationList section */

/* Begin XCRemoteSwiftPackageReference section */
		A1CEA80C2D4AB0D300A76CC9 /* XCRemoteSwiftPackageReference "SnapKit" */ = {
			isa = XCRemoteSwiftPackageReference;
			repositoryURL = "https://github.com/SnapKit/SnapKit.git";
			requirement = {
				kind = upToNextMajorVersion;
				minimumVersion = 5.7.1;
			};
		};
/* End XCRemoteSwiftPackageReference section */

/* Begin XCSwiftPackageProductDependency section */
		A1CEA80D2D4AB0D300A76CC9 /* SnapKit */ = {
			isa = XCSwiftPackageProductDependency;
			package = A1CEA80C2D4AB0D300A76CC9 /* XCRemoteSwiftPackageReference "SnapKit" */;
			productName = SnapKit;
		};
/* End XCSwiftPackageProductDependency section */
	};
	rootObject = A1CEA7CA2D4AAD1400A76CC9 /* Project object */;
}
